{
	"name": "homebridge-airmega",
	"version": "2.0.1",
	"lockfileVersion": 1,
	"requires": true,
	"dependencies": {
		"@types/bluebird": {
			"version": "3.5.20",
			"resolved": "https://registry.npmjs.org/@types/bluebird/-/bluebird-3.5.20.tgz",
			"integrity": "sha512-Wk41MVdF+cHBfVXj/ufUHJeO3BlIQr1McbHZANErMykaCWeDSZbH5erGjNBw2/3UlRdSxZbLfSuQTzFmPOYFsA=="
		},
		"@types/caseless": {
			"version": "0.12.1",
			"resolved": "https://registry.npmjs.org/@types/caseless/-/caseless-0.12.1.tgz",
			"integrity": "sha512-FhlMa34NHp9K5MY1Uz8yb+ZvuX0pnvn3jScRSNAb75KHGB8d3rEU6hqMs3Z2vjuytcMfRg6c5CHMc3wtYyD2/A=="
		},
		"@types/form-data": {
			"version": "2.2.1",
			"resolved": "https://registry.npmjs.org/@types/form-data/-/form-data-2.2.1.tgz",
			"integrity": "sha512-JAMFhOaHIciYVh8fb5/83nmuO/AHwmto+Hq7a9y8FzLDcC1KCU344XDOMEmahnrTFlHjgh4L0WJFczNIX2GxnQ==",
			"requires": {
				"@types/node": "9.6.2"
			}
		},
		"@types/node": {
			"version": "9.6.2",
			"resolved": "https://registry.npmjs.org/@types/node/-/node-9.6.2.tgz",
			"integrity": "sha512-UWkRY9X7RQHp5OhhRIIka58/gVVycL1zHZu0OTsT5LI86ABaMOSbUjAl+b0FeDhQcxclrkyft3kW5QWdMRs8wQ=="
		},
		"@types/request": {
			"version": "2.47.0",
			"resolved": "https://registry.npmjs.org/@types/request/-/request-2.47.0.tgz",
			"integrity": "sha512-/KXM5oev+nNCLIgBjkwbk8VqxmzI56woD4VUxn95O+YeQ8hJzcSmIZ1IN3WexiqBb6srzDo2bdMbsXxgXNkz5Q==",
			"requires": {
				"@types/caseless": "0.12.1",
				"@types/form-data": "2.2.1",
				"@types/node": "9.6.2",
				"@types/tough-cookie": "2.3.2"
			}
		},
		"@types/request-promise": {
			"version": "4.1.41",
			"resolved": "https://registry.npmjs.org/@types/request-promise/-/request-promise-4.1.41.tgz",
			"integrity": "sha512-qlx6COxSTdSFHY9oX9v2zL1I05hgz5lwqYiXa2SFL2nDxAiG5KK8rnllLBH7k6OqzS3Ck0bWbxlGVdrZhS6oNw==",
			"requires": {
				"@types/bluebird": "3.5.20",
				"@types/request": "2.47.0"
			}
		},
		"@types/tough-cookie": {
			"version": "2.3.2",
			"resolved": "https://registry.npmjs.org/@types/tough-cookie/-/tough-cookie-2.3.2.tgz",
			"integrity": "sha512-vOVmaruQG5EatOU/jM6yU2uCp3Lz6mK1P5Ztu4iJjfM4SVHU9XYktPUQtKlIXuahqXHdEyUarMrBEwg5Cwu+bA=="
		},
		"@types/ws": {
			"version": "0.0.38",
			"resolved": "https://registry.npmjs.org/@types/ws/-/ws-0.0.38.tgz",
			"integrity": "sha1-QhBv/0tCLKlWc04p8Nc6bYkxlNM=",
			"requires": {
				"@types/node": "9.6.2"
			}
		},
		"async-limiter": {
			"version": "1.0.0",
			"resolved": "https://registry.npmjs.org/async-limiter/-/async-limiter-1.0.0.tgz",
			"integrity": "sha512-jp/uFnooOiO+L211eZOoSyzpOITMXx1rBITauYykG3BRYPu8h0UcxsPNB04RR5vo4Tyz3+ay17tR6JVf9qzYWg=="
		},
		"bluebird": {
			"version": "3.5.1",
			"resolved": "https://registry.npmjs.org/bluebird/-/bluebird-3.5.1.tgz",
			"integrity": "sha512-MKiLiV+I1AA596t9w1sQJ8jkiSr5+ZKi0WKrYGUn6d1Fx+Ij4tIj+m2WMQSGczs5jZVxV339chE8iwk6F64wjA=="
		},
		"lodash": {
			"version": "4.17.5",
			"resolved": "https://registry.npmjs.org/lodash/-/lodash-4.17.5.tgz",
			"integrity": "sha512-svL3uiZf1RwhH+cWrfZn3A4+U58wbP0tGVTLQPbjplZxZ8ROD9VLuNgsRniTlLe7OlSqR79RUehXgpBW/s0IQw=="
		},
		"punycode": {
			"version": "1.4.1",
			"resolved": "https://registry.npmjs.org/punycode/-/punycode-1.4.1.tgz",
			"integrity": "sha1-wNWmOycYgArY4esPpSachN1BhF4="
		},
		"request-promise": {
			"version": "4.2.2",
			"resolved": "https://registry.npmjs.org/request-promise/-/request-promise-4.2.2.tgz",
			"integrity": "sha1-0epG1lSm7k+O5qT+oQGMIpEZBLQ=",
			"requires": {
				"bluebird": "3.5.1",
				"request-promise-core": "1.1.1",
				"stealthy-require": "1.1.1",
				"tough-cookie": "2.3.4"
			}
		},
		"request-promise-core": {
			"version": "1.1.1",
			"resolved": "https://registry.npmjs.org/request-promise-core/-/request-promise-core-1.1.1.tgz",
			"integrity": "sha1-Pu4AssWqgyOc+wTFcA2jb4HNCLY=",
			"requires": {
				"lodash": "4.17.5"
			}
		},
		"stealthy-require": {
			"version": "1.1.1",
			"resolved": "https://registry.npmjs.org/stealthy-require/-/stealthy-require-1.1.1.tgz",
			"integrity": "sha1-NbCYdbT/SfJqd35QmzCQoyJr8ks="
		},
		"tough-cookie": {
			"version": "2.3.4",
			"resolved": "https://registry.npmjs.org/tough-cookie/-/tough-cookie-2.3.4.tgz",
			"integrity": "sha512-TZ6TTfI5NtZnuyy/Kecv+CnoROnyXn2DN97LontgQpCwsX2XyLYCC0ENhYkehSOwAp8rTQKc/NUIF7BkQ5rKLA==",
			"requires": {
				"punycode": "1.4.1"
			}
		},
		"typescript": {
			"version": "2.8.3",
			"resolved": "https://registry.npmjs.org/typescript/-/typescript-2.8.3.tgz",
			"integrity": "sha512-K7g15Bb6Ra4lKf7Iq2l/I5/En+hLIHmxWZGq3D4DIRNFxMNV6j2SHSvDOqs2tGd4UvD/fJvrwopzQXjLrT7Itw=="
		},
		"ws": {
			"version": "5.1.1",
			"resolved": "https://registry.npmjs.org/ws/-/ws-5.1.1.tgz",
			"integrity": "sha512-bOusvpCb09TOBLbpMKszd45WKC2KPtxiyiHanv+H2DE3Az+1db5a/L7sVJZVDPUC1Br8f0SKRr1KjLpD1U/IAw==",
			"requires": {
				"async-limiter": "1.0.0"
			}
		}
	}
}
